
Microsoft Visual Studio Solution File, Format Version 12.00
# Visual Studio Version 17
VisualStudioVersion = 17.4.33213.308
MinimumVisualStudioVersion = 10.0.40219.1
Project("{FAE04EC0-301F-11D3-BF4B-00C04F79EFBC}") = "EmpWages", "EmpWages\EmpWages.csproj", "{A25733C7-ACEB-4E29-BFFD-73F806E9F48A}"
EndProject
Global
	GlobalSection(SolutionConfigurationPlatforms) = preSolution
		Debug|Any CPU = Debug|Any CPU
		Release|Any CPU = Release|Any CPU
	EndGlobalSection
	GlobalSection(ProjectConfigurationPlatforms) = postSolution
		{A25733C7-ACEB-4E29-BFFD-73F806E9F48A}.Debug|Any CPU.ActiveCfg = Debug|Any CPU
		{A25733C7-ACEB-4E29-BFFD-73F806E9F48A}.Debug|Any CPU.Build.0 = Debug|Any CPU
		{A25733C7-ACEB-4E29-BFFD-73F806E9F48A}.Release|Any CPU.ActiveCfg = Release|Any CPU
		{A25733C7-ACEB-4E29-BFFD-73F806E9F48A}.Release|Any CPU.Build.0 = Release|Any CPU
	EndGlobalSection
	GlobalSection(SolutionProperties) = preSolution
		HideSolutionNode = FALSE
	EndGlobalSection
	GlobalSection(ExtensibilityGlobals) = postSolution
		SolutionGuid = {AE68A24E-0D7B-4928-9184-7937D17181EE}
	EndGlobalSection
EndGlobal
